// !$*UTF8*$!
{
	archiveVersion = 1;
	classes = {
	};
	objectVersion = 50;
	objects = {

/* Begin PBXBuildFile section */
		7E14E8DE20E7B0AA009B8667 /* AppDelegate.swift in Sources */ = {isa = PBXBuildFile; fileRef = 7E14E8DD20E7B0AA009B8667 /* AppDelegate.swift */; };
		7E14E8E520E7B0AC009B8667 /* Assets.xcassets in Resources */ = {isa = PBXBuildFile; fileRef = 7E14E8E420E7B0AC009B8667 /* Assets.xcassets */; };
		7E14E8F320E7B0AC009B8667 /* TestForURLTests.swift in Sources */ = {isa = PBXBuildFile; fileRef = 7E14E8F220E7B0AC009B8667 /* TestForURLTests.swift */; };
		7E14E8FE20E7B0AC009B8667 /* TestForURLUITests.swift in Sources */ = {isa = PBXBuildFile; fileRef = 7E14E8FD20E7B0AC009B8667 /* TestForURLUITests.swift */; };
		7E14E90C20E7B23F009B8667 /* CollectionView.swift in Sources */ = {isa = PBXBuildFile; fileRef = 7E14E90B20E7B23F009B8667 /* CollectionView.swift */; };
/* End PBXBuildFile section */

/* Begin PBXContainerItemProxy section */
		7E14E8EF20E7B0AC009B8667 /* PBXContainerItemProxy */ = {
			isa = PBXContainerItemProxy;
			containerPortal = 7E14E8D220E7B0AA009B8667 /* Project object */;
			proxyType = 1;
			remoteGlobalIDString = 7E14E8D920E7B0AA009B8667;
			remoteInfo = TestForURL;
		};
		7E14E8FA20E7B0AC009B8667 /* PBXContainerItemProxy */ = {
			isa = PBXContainerItemProxy;
			containerPortal = 7E14E8D220E7B0AA009B8667 /* Project object */;
			proxyType = 1;
			remoteGlobalIDString = 7E14E8D920E7B0AA009B8667;
			remoteInfo = TestForURL;
		};
/* End PBXContainerItemProxy section */

/* Begin PBXFileReference section */
		7E14E8DA20E7B0AA009B8667 /* TestForURL.app */ = {isa = PBXFileReference; explicitFileType = wrapper.application; includeInIndex = 0; path = TestForURL.app; sourceTree = BUILT_PRODUCTS_DIR; };
		7E14E8DD20E7B0AA009B8667 /* AppDelegate.swift */ = {isa = PBXFileReference; lastKnownFileType = sourcecode.swift; path = AppDelegate.swift; sourceTree = "<group>"; };
		7E14E8E420E7B0AC009B8667 /* Assets.xcassets */ = {isa = PBXFileReference; lastKnownFileType = folder.assetcatalog; path = Assets.xcassets; sourceTree = "<group>"; };
		7E14E8E920E7B0AC009B8667 /* Info.plist */ = {isa = PBXFileReference; lastKnownFileType = text.plist.xml; path = Info.plist; sourceTree = "<group>"; };
		7E14E8EE20E7B0AC009B8667 /* TestForURLTests.xctest */ = {isa = PBXFileReference; explicitFileType = wrapper.cfbundle; includeInIndex = 0; path = TestForURLTests.xctest; sourceTree = BUILT_PRODUCTS_DIR; };
		7E14E8F220E7B0AC009B8667 /* TestForURLTests.swift */ = {isa = PBXFileReference; lastKnownFileType = sourcecode.swift; path = TestForURLTests.swift; sourceTree = "<group>"; };
		7E14E8F420E7B0AC009B8667 /* Info.plist */ = {isa = PBXFileReference; lastKnownFileType = text.plist.xml; path = Info.plist; sourceTree = "<group>"; };
		7E14E8F920E7B0AC009B8667 /* TestForURLUITests.xctest */ = {isa = PBXFileReference; explicitFileType = wrapper.cfbundle; includeInIndex = 0; path = TestForURLUITests.xctest; sourceTree = BUILT_PRODUCTS_DIR; };
		7E14E8FD20E7B0AC009B8667 /* TestForURLUITests.swift */ = {isa = PBXFileReference; lastKnownFileType = sourcecode.swift; path = TestForURLUITests.swift; sourceTree = "<group>"; };
		7E14E8FF20E7B0AC009B8667 /* Info.plist */ = {isa = PBXFileReference; lastKnownFileType = text.plist.xml; path = Info.plist; sourceTree = "<group>"; };
		7E14E90B20E7B23F009B8667 /* CollectionView.swift */ = {isa = PBXFileReference; lastKnownFileType = sourcecode.swift; path = CollectionView.swift; sourceTree = "<group>"; };
/* End PBXFileReference section */

/* Begin PBXFrameworksBuildPhase section */
		7E14E8D720E7B0AA009B8667 /* Frameworks */ = {
			isa = PBXFrameworksBuildPhase;
			buildActionMask = 2147483647;
			files = (
			);
			runOnlyForDeploymentPostprocessing = 0;
		};
		7E14E8EB20E7B0AC009B8667 /* Frameworks */ = {
			isa = PBXFrameworksBuildPhase;
			buildActionMask = 2147483647;
			files = (
			);
			runOnlyForDeploymentPostprocessing = 0;
		};
		7E14E8F620E7B0AC009B8667 /* Frameworks */ = {
			isa = PBXFrameworksBuildPhase;
			buildActionMask = 2147483647;
			files = (
			);
			runOnlyForDeploymentPostprocessing = 0;
		};
/* End PBXFrameworksBuildPhase section */

/* Begin PBXGroup section */
		7E14E8D120E7B0AA009B8667 = {
			isa = PBXGroup;
			children = (
				7E14E8DC20E7B0AA009B8667 /* Dogs */,
				7E14E8F120E7B0AC009B8667 /* DogsTests */,
				7E14E8FC20E7B0AC009B8667 /* DogsUITests */,
				7E14E8DB20E7B0AA009B8667 /* Products */,
			);
			sourceTree = "<group>";
		};
		7E14E8DB20E7B0AA009B8667 /* Products */ = {
			isa = PBXGroup;
			children = (
				7E14E8DA20E7B0AA009B8667 /* TestForURL.app */,
				7E14E8EE20E7B0AC009B8667 /* TestForURLTests.xctest */,
				7E14E8F920E7B0AC009B8667 /* TestForURLUITests.xctest */,
			);
			name = Products;
			sourceTree = "<group>";
		};
		7E14E8DC20E7B0AA009B8667 /* Dogs */ = {
			isa = PBXGroup;
			children = (
				7E14E8DD20E7B0AA009B8667 /* AppDelegate.swift */,
				7E14E90B20E7B23F009B8667 /* CollectionView.swift */,
				7E14E8E420E7B0AC009B8667 /* Assets.xcassets */,
				7E14E8E920E7B0AC009B8667 /* Info.plist */,
			);
			path = Dogs;
			sourceTree = "<group>";
		};
		7E14E8F120E7B0AC009B8667 /* DogsTests */ = {
			isa = PBXGroup;
			children = (
				7E14E8F220E7B0AC009B8667 /* TestForURLTests.swift */,
				7E14E8F420E7B0AC009B8667 /* Info.plist */,
			);
			path = DogsTests;
			sourceTree = "<group>";
		};
		7E14E8FC20E7B0AC009B8667 /* DogsUITests */ = {
			isa = PBXGroup;
			children = (
				7E14E8FD20E7B0AC009B8667 /* TestForURLUITests.swift */,
				7E14E8FF20E7B0AC009B8667 /* Info.plist */,
			);
			path = DogsUITests;
			sourceTree = "<group>";
		};
/* End PBXGroup section */

/* Begin PBXNativeTarget section */
		7E14E8D920E7B0AA009B8667 /* TestForURL */ = {
			isa = PBXNativeTarget;
			buildConfigurationList = 7E14E90220E7B0AC009B8667 /* Build configuration list for PBXNativeTarget "TestForURL" */;
			buildPhases = (
				7E14E8D620E7B0AA009B8667 /* Sources */,
				7E14E8D720E7B0AA009B8667 /* Frameworks */,
				7E14E8D820E7B0AA009B8667 /* Resources */,
			);
			buildRules = (
			);
			dependencies = (
			);
			name = TestForURL;
			productName = TestForURL;
			productReference = 7E14E8DA20E7B0AA009B8667 /* TestForURL.app */;
			productType = "com.apple.product-type.application";
		};
		7E14E8ED20E7B0AC009B8667 /* TestForURLTests */ = {
			isa = PBXNativeTarget;
			buildConfigurationList = 7E14E90520E7B0AC009B8667 /* Build configuration list for PBXNativeTarget "TestForURLTests" */;
			buildPhases = (
				7E14E8EA20E7B0AC009B8667 /* Sources */,
				7E14E8EB20E7B0AC009B8667 /* Frameworks */,
				7E14E8EC20E7B0AC009B8667 /* Resources */,
			);
			buildRules = (
			);
			dependencies = (
				7E14E8F020E7B0AC009B8667 /* PBXTargetDependency */,
			);
			name = TestForURLTests;
			productName = TestForURLTests;
			productReference = 7E14E8EE20E7B0AC009B8667 /* TestForURLTests.xctest */;
			productType = "com.apple.product-type.bundle.unit-test";
		};
		7E14E8F820E7B0AC009B8667 /* TestForURLUITests */ = {
			isa = PBXNativeTarget;
			buildConfigurationList = 7E14E90820E7B0AC009B8667 /* Build configuration list for PBXNativeTarget "TestForURLUITests" */;
			buildPhases = (
				7E14E8F520E7B0AC009B8667 /* Sources */,
				7E14E8F620E7B0AC009B8667 /* Frameworks */,
				7E14E8F720E7B0AC009B8667 /* Resources */,
			);
			buildRules = (
			);
			dependencies = (
				7E14E8FB20E7B0AC009B8667 /* PBXTargetDependency */,
			);
			name = TestForURLUITests;
			productName = TestForURLUITests;
			productReference = 7E14E8F920E7B0AC009B8667 /* TestForURLUITests.xctest */;
			productType = "com.apple.product-type.bundle.ui-testing";
		};
/* End PBXNativeTarget section */

/* Begin PBXProject section */
		7E14E8D220E7B0AA009B8667 /* Project object */ = {
			isa = PBXProject;
			attributes = {
				LastSwiftUpdateCheck = 0940;
				LastUpgradeCheck = 0940;
				ORGANIZATIONNAME = "Samuel Asamoah";
				TargetAttributes = {
					7E14E8D920E7B0AA009B8667 = {
						CreatedOnToolsVersion = 9.4;
					};
					7E14E8ED20E7B0AC009B8667 = {
						CreatedOnToolsVersion = 9.4;
						TestTargetID = 7E14E8D920E7B0AA009B8667;
					};
					7E14E8F820E7B0AC009B8667 = {
						CreatedOnToolsVersion = 9.4;
						TestTargetID = 7E14E8D920E7B0AA009B8667;
					};
				};
			};
			buildConfigurationList = 7E14E8D520E7B0AA009B8667 /* Build configuration list for PBXProject "Dogs" */;
			compatibilityVersion = "Xcode 9.3";
			developmentRegion = en;
			hasScannedForEncodings = 0;
			knownRegions = (
				en,
				Base,
			);
			mainGroup = 7E14E8D120E7B0AA009B8667;
			productRefGroup = 7E14E8DB20E7B0AA009B8667 /* Products */;
			projectDirPath = "";
			projectRoot = "";
			targets = (
				7E14E8D920E7B0AA009B8667 /* TestForURL */,
				7E14E8ED20E7B0AC009B8667 /* TestForURLTests */,
				7E14E8F820E7B0AC009B8667 /* TestForURLUITests */,
			);
		};
/* End PBXProject section */

/* Begin PBXResourcesBuildPhase section */
		7E14E8D820E7B0AA009B8667 /* Resources */ = {
			isa = PBXResourcesBuildPhase;
			buildActionMask = 2147483647;
			files = (
				7E14E8E520E7B0AC009B8667 /* Assets.xcassets in Resources */,
			);
			runOnlyForDeploymentPostprocessing = 0;
		};
		7E14E8EC20E7B0AC009B8667 /* Resources */ = {
			isa = PBXResourcesBuildPhase;
			buildActionMask = 2147483647;
			files = (
			);
			runOnlyForDeploymentPostprocessing = 0;
		};
		7E14E8F720E7B0AC009B8667 /* Resources */ = {
			isa = PBXResourcesBuildPhase;
			buildActionMask = 2147483647;
			files = (
			);
			runOnlyForDeploymentPostprocessing = 0;
		};
/* End PBXResourcesBuildPhase section */

/* Begin PBXSourcesBuildPhase section */
		7E14E8D620E7B0AA009B8667 /* Sources */ = {
			isa = PBXSourcesBuildPhase;
			buildActionMask = 2147483647;
			files = (
				7E14E90C20E7B23F009B8667 /* CollectionView.swift in Sources */,
				7E14E8DE20E7B0AA009B8667 /* AppDelegate.swift in Sources */,
			);
			runOnlyForDeploymentPostprocessing = 0;
		};
		7E14E8EA20E7B0AC009B8667 /* Sources */ = {
			isa = PBXSourcesBuildPhase;
			buildActionMask = 2147483647;
			files = (
				7E14E8F320E7B0AC009B8667 /* TestForURLTests.swift in Sources */,
			);
			runOnlyForDeploymentPostprocessing = 0;
		};
		7E14E8F520E7B0AC009B8667 /* Sources */ = {
			isa = PBXSourcesBuildPhase;
			buildActionMask = 2147483647;
			files = (
				7E14E8FE20E7B0AC009B8667 /* TestForURLUITests.swift in Sources */,
			);
			runOnlyForDeploymentPostprocessing = 0;
		};
/* End PBXSourcesBuildPhase section */

/* Begin PBXTargetDependency section */
		7E14E8F020E7B0AC009B8667 /* PBXTargetDependency */ = {
			isa = PBXTargetDependency;
			target = 7E14E8D920E7B0AA009B8667 /* TestForURL */;
			targetProxy = 7E14E8EF20E7B0AC009B8667 /* PBXContainerItemProxy */;
		};
		7E14E8FB20E7B0AC009B8667 /* PBXTargetDependency */ = {
			isa = PBXTargetDependency;
			target = 7E14E8D920E7B0AA009B8667 /* TestForURL */;
			targetProxy = 7E14E8FA20E7B0AC009B8667 /* PBXContainerItemProxy */;
		};
/* End PBXTargetDependency section */

/* Begin XCBuildConfiguration section */
		7E14E90020E7B0AC009B8667 /* Debug */ = {
			isa = XCBuildConfiguration;
			buildSettings = {
				ALWAYS_SEARCH_USER_PATHS = NO;
				CLANG_ANALYZER_NONNULL = YES;
				CLANG_ANALYZER_NUMBER_OBJECT_CONVERSION = YES_AGGRESSIVE;
				CLANG_CXX_LANGUAGE_STANDARD = "gnu++14";
				CLANG_CXX_LIBRARY = "libc++";
				CLANG_ENABLE_MODULES = YES;
				CLANG_ENABLE_OBJC_ARC = YES;
				CLANG_ENABLE_OBJC_WEAK = YES;
				CLANG_WARN_BLOCK_CAPTURE_AUTORELEASING = YES;
				CLANG_WARN_BOOL_CONVERSION = YES;
				CLANG_WARN_COMMA = YES;
				CLANG_WARN_CONSTANT_CONVERSION = YES;
				CLANG_WARN_DEPRECATED_OBJC_IMPLEMENTATIONS = YES;
				CLANG_WARN_DIRECT_OBJC_ISA_USAGE = YES_ERROR;
				CLANG_WARN_DOCUMENTATION_COMMENTS = YES;
				CLANG_WARN_EMPTY_BODY = YES;
				CLANG_WARN_ENUM_CONVERSION = YES;
				CLANG_WARN_INFINITE_RECURSION = YES;
				CLANG_WARN_INT_CONVERSION = YES;
				CLANG_WARN_NON_LITERAL_NULL_CONVERSION = YES;
				CLANG_WARN_OBJC_IMPLICIT_RETAIN_SELF = YES;
				CLANG_WARN_OBJC_LITERAL_CONVERSION = YES;
				CLANG_WARN_OBJC_ROOT_CLASS = YES_ERROR;
				CLANG_WARN_RANGE_LOOP_ANALYSIS = YES;
				CLANG_WARN_STRICT_PROTOTYPES = YES;
				CLANG_WARN_SUSPICIOUS_MOVE = YES;
				CLANG_WARN_UNGUARDED_AVAILABILITY = YES_AGGRESSIVE;
				CLANG_WARN_UNREACHABLE_CODE = YES;
				CLANG_WARN__DUPLICATE_METHOD_MATCH = YES;
				CODE_SIGN_IDENTITY = "iPhone Developer";
				COPY_PHASE_STRIP = NO;
				DEBUG_INFORMATION_FORMAT = dwarf;
				ENABLE_STRICT_OBJC_MSGSEND = YES;
				ENABLE_TESTABILITY = YES;
				GCC_C_LANGUAGE_STANDARD = gnu11;
				GCC_DYNAMIC_NO_PIC = NO;
				GCC_NO_COMMON_BLOCKS = YES;
				GCC_OPTIMIZATION_LEVEL = 0;
				GCC_PREPROCESSOR_DEFINITIONS = (
					"DEBUG=1",
					"$(inherited)",
				);
				GCC_WARN_64_TO_32_BIT_CONVERSION = YES;
				GCC_WARN_ABOUT_RETURN_TYPE = YES_ERROR;
				GCC_WARN_UNDECLARED_SELECTOR = YES;
				GCC_WARN_UNINITIALIZED_AUTOS = YES_AGGRESSIVE;
				GCC_WARN_UNUSED_FUNCTION = YES;
				GCC_WARN_UNUSED_VARIABLE = YES;
				IPHONEOS_DEPLOYMENT_TARGET = 11.4;
				MTL_ENABLE_DEBUG_INFO = YES;
				ONLY_ACTIVE_ARCH = YES;
				SDKROOT = iphoneos;
				SWIFT_ACTIVE_COMPILATION_CONDITIONS = DEBUG;
				SWIFT_OPTIMIZATION_LEVEL = "-Onone";
			};
			name = Debug;
		};
		7E14E90120E7B0AC009B8667 /* Release */ = {
			isa = XCBuildConfiguration;
			buildSettings = {
				ALWAYS_SEARCH_USER_PATHS = NO;
				CLANG_ANALYZER_NONNULL = YES;
				CLANG_ANALYZER_NUMBER_OBJECT_CONVERSION = YES_AGGRESSIVE;
				CLANG_CXX_LANGUAGE_STANDARD = "gnu++14";
				CLANG_CXX_LIBRARY = "libc++";
				CLANG_ENABLE_MODULES = YES;
				CLANG_ENABLE_OBJC_ARC = YES;
				CLANG_ENABLE_OBJC_WEAK = YES;
				CLANG_WARN_BLOCK_CAPTURE_AUTORELEASING = YES;
				CLANG_WARN_BOOL_CONVERSION = YES;
				CLANG_WARN_COMMA = YES;
				CLANG_WARN_CONSTANT_CONVERSION = YES;
				CLANG_WARN_DEPRECATED_OBJC_IMPLEMENTATIONS = YES;
				CLANG_WARN_DIRECT_OBJC_ISA_USAGE = YES_ERROR;
				CLANG_WARN_DOCUMENTATION_COMMENTS = YES;
				CLANG_WARN_EMPTY_BODY = YES;
				CLANG_WARN_ENUM_CONVERSION = YES;
				CLANG_WARN_INFINITE_RECURSION = YES;
				CLANG_WARN_INT_CONVERSION = YES;
				CLANG_WARN_NON_LITERAL_NULL_CONVERSION = YES;
				CLANG_WARN_OBJC_IMPLICIT_RETAIN_SELF = YES;
				CLANG_WARN_OBJC_LITERAL_CONVERSION = YES;
				CLANG_WARN_OBJC_ROOT_CLASS = YES_ERROR;
				CLANG_WARN_RANGE_LOOP_ANALYSIS = YES;
				CLANG_WARN_STRICT_PROTOTYPES = YES;
				CLANG_WARN_SUSPICIOUS_MOVE = YES;
				CLANG_WARN_UNGUARDED_AVAILABILITY = YES_AGGRESSIVE;
				CLANG_WARN_UNREACHABLE_CODE = YES;
				CLANG_WARN__DUPLICATE_METHOD_MATCH = YES;
				CODE_SIGN_IDENTITY = "iPhone Developer";
				COPY_PHASE_STRIP = NO;
				DEBUG_INFORMATION_FORMAT = "dwarf-with-dsym";
				ENABLE_NS_ASSERTIONS = NO;
				ENABLE_STRICT_OBJC_MSGSEND = YES;
				GCC_C_LANGUAGE_STANDARD = gnu11;
				GCC_NO_COMMON_BLOCKS = YES;
				GCC_WARN_64_TO_32_BIT_CONVERSION = YES;
				GCC_WARN_ABOUT_RETURN_TYPE = YES_ERROR;
				GCC_WARN_UNDECLARED_SELECTOR = YES;
				GCC_WARN_UNINITIALIZED_AUTOS = YES_AGGRESSIVE;
				GCC_WARN_UNUSED_FUNCTION = YES;
				GCC_WARN_UNUSED_VARIABLE = YES;
				IPHONEOS_DEPLOYMENT_TARGET = 11.4;
				MTL_ENABLE_DEBUG_INFO = NO;
				SDKROOT = iphoneos;
				SWIFT_COMPILATION_MODE = wholemodule;
				SWIFT_OPTIMIZATION_LEVEL = "-O";
				VALIDATE_PRODUCT = YES;
			};
			name = Release;
		};
		7E14E90320E7B0AC009B8667 /* Debug */ = {
			isa = XCBuildConfiguration;
			buildSettings = {
				ASSETCATALOG_COMPILER_APPICON_NAME = AppIcon;
				CODE_SIGN_STYLE = Automatic;
				DEVELOPMENT_TEAM = G4X2995X52;
				INFOPLIST_FILE = TestForURL/Info.plist;
				LD_RUNPATH_SEARCH_PATHS = (
					"$(inherited)",
					"@executable_path/Frameworks",
				);
				PRODUCT_BUNDLE_IDENTIFIER = me.TestForURL;
				PRODUCT_NAME = "$(TARGET_NAME)";
				SWIFT_VERSION = 4.0;
				TARGETED_DEVICE_FAMILY = "1,2";
			};
			name = Debug;
		};
		7E14E90420E7B0AC009B8667 /* Release */ = {
			isa = XCBuildConfiguration;
			buildSettings = {
				ASSETCATALOG_COMPILER_APPICON_NAME = AppIcon;
				CODE_SIGN_STYLE = Automatic;
				DEVELOPMENT_TEAM = G4X2995X52;
				INFOPLIST_FILE = TestForURL/Info.plist;
				LD_RUNPATH_SEARCH_PATHS = (
					"$(inherited)",
					"@executable_path/Frameworks",
				);
				PRODUCT_BUNDLE_IDENTIFIER = me.TestForURL;
				PRODUCT_NAME = "$(TARGET_NAME)";
				SWIFT_VERSION = 4.0;
				TARGETED_DEVICE_FAMILY = "1,2";
			};
			name = Release;
		};
		7E14E90620E7B0AC009B8667 /* Debug */ = {
			isa = XCBuildConfiguration;
			buildSettings = {
				ALWAYS_EMBED_SWIFT_STANDARD_LIBRARIES = YES;
				BUNDLE_LOADER = "$(TEST_HOST)";
				CODE_SIGN_STYLE = Automatic;
				INFOPLIST_FILE = TestForURLTests/Info.plist;
				LD_RUNPATH_SEARCH_PATHS = (
					"$(inherited)",
					"@executable_path/Frameworks",
					"@loader_path/Frameworks",
				);
				PRODUCT_BUNDLE_IDENTIFIER = me.TestForURLTests;
				PRODUCT_NAME = "$(TARGET_NAME)";
				SWIFT_VERSION = 4.0;
				TARGETED_DEVICE_FAMILY = "1,2";
				TEST_HOST = "$(BUILT_PRODUCTS_DIR)/TestForURL.app/TestForURL";
			};
			name = Debug;
		};
		7E14E90720E7B0AC009B8667 /* Release */ = {
			isa = XCBuildConfiguration;
			buildSettings = {
				ALWAYS_EMBED_SWIFT_STANDARD_LIBRARIES = YES;
				BUNDLE_LOADER = "$(TEST_HOST)";
				CODE_SIGN_STYLE = Automatic;
				INFOPLIST_FILE = TestForURLTests/Info.plist;
				LD_RUNPATH_SEARCH_PATHS = (
					"$(inherited)",
					"@executable_path/Frameworks",
					"@loader_path/Frameworks",
				);
				PRODUCT_BUNDLE_IDENTIFIER = me.TestForURLTests;
				PRODUCT_NAME = "$(TARGET_NAME)";
				SWIFT_VERSION = 4.0;
				TARGETED_DEVICE_FAMILY = "1,2";
				TEST_HOST = "$(BUILT_PRODUCTS_DIR)/TestForURL.app/TestForURL";
			};
			name = Release;
		};
		7E14E90920E7B0AC009B8667 /* Debug */ = {
			isa = XCBuildConfiguration;
			buildSettings = {
				ALWAYS_EMBED_SWIFT_STANDARD_LIBRARIES = YES;
				CODE_SIGN_STYLE = Automatic;
				INFOPLIST_FILE = TestForURLUITests/Info.plist;
				LD_RUNPATH_SEARCH_PATHS = (
					"$(inherited)",
					"@executable_path/Frameworks",
					"@loader_path/Frameworks",
				);
				PRODUCT_BUNDLE_IDENTIFIER = me.TestForURLUITests;
				PRODUCT_NAME = "$(TARGET_NAME)";
				SWIFT_VERSION = 4.0;
				TARGETED_DEVICE_FAMILY = "1,2";
				TEST_TARGET_NAME = TestForURL;
			};
			name = Debug;
		};
		7E14E90A20E7B0AC009B8667 /* Release */ = {
			isa = XCBuildConfiguration;
			buildSettings = {
				ALWAYS_EMBED_SWIFT_STANDARD_LIBRARIES = YES;
				CODE_SIGN_STYLE = Automatic;
				INFOPLIST_FILE = TestForURLUITests/Info.plist;
				LD_RUNPATH_SEARCH_PATHS = (
					"$(inherited)",
					"@executable_path/Frameworks",
					"@loader_path/Frameworks",
				);
				PRODUCT_BUNDLE_IDENTIFIER = me.TestForURLUITests;
				PRODUCT_NAME = "$(TARGET_NAME)";
				SWIFT_VERSION = 4.0;
				TARGETED_DEVICE_FAMILY = "1,2";
				TEST_TARGET_NAME = TestForURL;
			};
			name = Release;
		};
/* End XCBuildConfiguration section */

/* Begin XCConfigurationList section */
		7E14E8D520E7B0AA009B8667 /* Build configuration list for PBXProject "Dogs" */ = {
			isa = XCConfigurationList;
			buildConfigurations = (
				7E14E90020E7B0AC009B8667 /* Debug */,
				7E14E90120E7B0AC009B8667 /* Release */,
			);
			defaultConfigurationIsVisible = 0;
			defaultConfigurationName = Release;
		};
		7E14E90220E7B0AC009B8667 /* Build configuration list for PBXNativeTarget "TestForURL" */ = {
			isa = XCConfigurationList;
			buildConfigurations = (
				7E14E90320E7B0AC009B8667 /* Debug */,
				7E14E90420E7B0AC009B8667 /* Release */,
			);
			defaultConfigurationIsVisible = 0;
			defaultConfigurationName = Release;
		};
		7E14E90520E7B0AC009B8667 /* Build configuration list for PBXNativeTarget "TestForURLTests" */ = {
			isa = XCConfigurationList;
			buildConfigurations = (
				7E14E90620E7B0AC009B8667 /* Debug */,
				7E14E90720E7B0AC009B8667 /* Release */,
			);
			defaultConfigurationIsVisible = 0;
			defaultConfigurationName = Release;
		};
		7E14E90820E7B0AC009B8667 /* Build configuration list for PBXNativeTarget "TestForURLUITests" */ = {
			isa = XCConfigurationList;
			buildConfigurations = (
				7E14E90920E7B0AC009B8667 /* Debug */,
				7E14E90A20E7B0AC009B8667 /* Release */,
			);
			defaultConfigurationIsVisible = 0;
			defaultConfigurationName = Release;
		};
/* End XCConfigurationList section */
	};
	rootObject = 7E14E8D220E7B0AA009B8667 /* Project object */;
}
